// !$*UTF8*$!
{
	archiveVersion = 1;
	classes = {
	};
	objectVersion = 56;
	objects = {

/* Begin PBXBuildFile section */
		EC4DC5342F518BC9009EF4DD /* AppDelegate.m in Sources */ = {isa = PBXBuildFile; fileRef = EC4DC5332F518BC9009EF4DD /* AppDelegate.m */; };
		EC4DC5372F518BC9009EF4DD /* SceneDelegate.m in Sources */ = {isa = PBXBuildFile; fileRef = EC4DC5362F518BC9009EF4DD /* SceneDelegate.m */; };
		EC4DC53A2F518BC9009EF4DD /* OrangeViewController.m in Sources */ = {isa = PBXBuildFile; fileRef = EC4DC5392F518BC9009EF4DD /* OrangeViewController.m */; };
		EC4DC53D2F518BC9009EF4DD /* Main.storyboard in Resources */ = {isa = PBXBuildFile; fileRef = EC4DC53B2F518BC9009EF4DD /* Main.storyboard */; };
		EC4DC53F2F518BCA009EF4DD /* Assets.xcassets in Resources */ = {isa = PBXBuildFile; fileRef = EC4DC53E2F518BCA009EF4DD /* Assets.xcassets */; };
		EC4DC5422F518BCA009EF4DD /* LaunchScreen.storyboard in Resources */ = {isa = PBXBuildFile; fileRef = EC4DC5402F518BCA009EF4DD /* LaunchScreen.storyboard */; };
		EC4DC5452F518BCA009EF4DD /* main.m in Sources */ = {isa = PBXBuildFile; fileRef = EC4DC5442F518BCA009EF4DD /* main.m */; };
		EC4DC54F2F518BCA009EF4DD /* MultipleViewsTests.m in Sources */ = {isa = PBXBuildFile; fileRef = EC4DC54E2F518BCA009EF4DD /* MultipleViewsTests.m */; };
		EC4DC5592F518BCA009EF4DD /* MultipleViewsUITests.m in Sources */ = {isa = PBXBuildFile; fileRef = EC4DC5582F518BCA009EF4DD /* MultipleViewsUITests.m */; };
		EC4DC55B2F518BCA009EF4DD /* MultipleViewsUITestsLaunchTests.m in Sources */ = {isa = PBXBuildFile; fileRef = EC4DC55A2F518BCA009EF4DD /* MultipleViewsUITestsLaunchTests.m */; };
		EC4DC5692F518C77009EF4DD /* Client.c in Sources */ = {isa = PBXBuildFile; fileRef = EC4DC5672F518C77009EF4DD /* Client.c */; };
		EC4DC56C2F519E6F009EF4DD /* BlueViewController.m in Sources */ = {isa = PBXBuildFile; fileRef = EC4DC56B2F519E6F009EF4DD /* BlueViewController.m */; };
/* End PBXBuildFile section */

/* Begin PBXContainerItemProxy section */
		EC4DC54B2F518BCA009EF4DD /* PBXContainerItemProxy */ = {
			isa = PBXContainerItemProxy;
			containerPortal = EC4DC5272F518BC9009EF4DD /* Project object */;
			proxyType = 1;
			remoteGlobalIDString = EC4DC52E2F518BC9009EF4DD;
			remoteInfo = MultipleViews;
		};
		EC4DC5552F518BCA009EF4DD /* PBXContainerItemProxy */ = {
			isa = PBXContainerItemProxy;
			containerPortal = EC4DC5272F518BC9009EF4DD /* Project object */;
			proxyType = 1;
			remoteGlobalIDString = EC4DC52E2F518BC9009EF4DD;
			remoteInfo = MultipleViews;
		};
/* End PBXContainerItemProxy section */

/* Begin PBXFileReference section */
		EC4DC52F2F518BC9009EF4DD /* MultipleViews.app */ = {isa = PBXFileReference; explicitFileType = wrapper.application; includeInIndex = 0; path = MultipleViews.app; sourceTree = BUILT_PRODUCTS_DIR; };
		EC4DC5322F518BC9009EF4DD /* AppDelegate.h */ = {isa = PBXFileReference; lastKnownFileType = sourcecode.c.h; path = AppDelegate.h; sourceTree = "<group>"; };
		EC4DC5332F518BC9009EF4DD /* AppDelegate.m */ = {isa = PBXFileReference; lastKnownFileType = sourcecode.c.objc; path = AppDelegate.m; sourceTree = "<group>"; };
		EC4DC5352F518BC9009EF4DD /* SceneDelegate.h */ = {isa = PBXFileReference; lastKnownFileType = sourcecode.c.h; path = SceneDelegate.h; sourceTree = "<group>"; };
		EC4DC5362F518BC9009EF4DD /* SceneDelegate.m */ = {isa = PBXFileReference; lastKnownFileType = sourcecode.c.objc; path = SceneDelegate.m; sourceTree = "<group>"; };
		EC4DC5382F518BC9009EF4DD /* OrangeViewController.h */ = {isa = PBXFileReference; lastKnownFileType = sourcecode.c.h; path = OrangeViewController.h; sourceTree = "<group>"; };
		EC4DC5392F518BC9009EF4DD /* OrangeViewController.m */ = {isa = PBXFileReference; lastKnownFileType = sourcecode.c.objc; path = OrangeViewController.m; sourceTree = "<group>"; };
		EC4DC53C2F518BC9009EF4DD /* Base */ = {isa = PBXFileReference; lastKnownFileType = file.storyboard; name = Base; path = Base.lproj/Main.storyboard; sourceTree = "<group>"; };
		EC4DC53E2F518BCA009EF4DD /* Assets.xcassets */ = {isa = PBXFileReference; lastKnownFileType = folder.assetcatalog; path = Assets.xcassets; sourceTree = "<group>"; };
		EC4DC5412F518BCA009EF4DD /* Base */ = {isa = PBXFileReference; lastKnownFileType = file.storyboard; name = Base; path = Base.lproj/LaunchScreen.storyboard; sourceTree = "<group>"; };
		EC4DC5432F518BCA009EF4DD /* Info.plist */ = {isa = PBXFileReference; lastKnownFileType = text.plist.xml; path = Info.plist; sourceTree = "<group>"; };
		EC4DC5442F518BCA009EF4DD /* main.m */ = {isa = PBXFileReference; lastKnownFileType = sourcecode.c.objc; path = main.m; sourceTree = "<group>"; };
		EC4DC54A2F518BCA009EF4DD /* MultipleViewsTests.xctest */ = {isa = PBXFileReference; explicitFileType = wrapper.cfbundle; includeInIndex = 0; path = MultipleViewsTests.xctest; sourceTree = BUILT_PRODUCTS_DIR; };
		EC4DC54E2F518BCA009EF4DD /* MultipleViewsTests.m */ = {isa = PBXFileReference; lastKnownFileType = sourcecode.c.objc; path = MultipleViewsTests.m; sourceTree = "<group>"; };
		EC4DC5542F518BCA009EF4DD /* MultipleViewsUITests.xctest */ = {isa = PBXFileReference; explicitFileType = wrapper.cfbundle; includeInIndex = 0; path = MultipleViewsUITests.xctest; sourceTree = BUILT_PRODUCTS_DIR; };
		EC4DC5582F518BCA009EF4DD /* MultipleViewsUITests.m */ = {isa = PBXFileReference; lastKnownFileType = sourcecode.c.objc; path = MultipleViewsUITests.m; sourceTree = "<group>"; };
		EC4DC55A2F518BCA009EF4DD /* MultipleViewsUITestsLaunchTests.m */ = {isa = PBXFileReference; lastKnownFileType = sourcecode.c.objc; path = MultipleViewsUITestsLaunchTests.m; sourceTree = "<group>"; };
		EC4DC5672F518C77009EF4DD /* Client.c */ = {isa = PBXFileReference; fileEncoding = 4; lastKnownFileType = sourcecode.c.c; path = Client.c; sourceTree = SOURCE_ROOT; };
		EC4DC5682F518C77009EF4DD /* Client.h */ = {isa = PBXFileReference; fileEncoding = 4; lastKnownFileType = sourcecode.c.h; path = Client.h; sourceTree = SOURCE_ROOT; };
		EC4DC56A2F519E6F009EF4DD /* BlueViewController.h */ = {isa = PBXFileReference; lastKnownFileType = sourcecode.c.h; path = BlueViewController.h; sourceTree = "<group>"; };
		EC4DC56B2F519E6F009EF4DD /* BlueViewController.m */ = {isa = PBXFileReference; lastKnownFileType = sourcecode.c.objc; path = BlueViewController.m; sourceTree = "<group>"; };
/* End PBXFileReference section */

/* Begin PBXFrameworksBuildPhase section */
		EC4DC52C2F518BC9009EF4DD /* Frameworks */ = {
			isa = PBXFrameworksBuildPhase;
			buildActionMask = 2147483647;
			files = (
			);
			runOnlyForDeploymentPostprocessing = 0;
		};
		EC4DC5472F518BCA009EF4DD /* Frameworks */ = {
			isa = PBXFrameworksBuildPhase;
			buildActionMask = 2147483647;
			files = (
			);
			runOnlyForDeploymentPostprocessing = 0;
		};
		EC4DC5512F518BCA009EF4DD /* Frameworks */ = {
			isa = PBXFrameworksBuildPhase;
			buildActionMask = 2147483647;
			files = (
			);
			runOnlyForDeploymentPostprocessing = 0;
		};
/* End PBXFrameworksBuildPhase section */

/* Begin PBXGroup section */
		EC4DC5262F518BC9009EF4DD = {
			isa = PBXGroup;
			children = (
				EC4DC5312F518BC9009EF4DD /* MultipleViews */,
				EC4DC54D2F518BCA009EF4DD /* MultipleViewsTests */,
				EC4DC5572F518BCA009EF4DD /* MultipleViewsUITests */,
				EC4DC5302F518BC9009EF4DD /* Products */,
			);
			sourceTree = "<group>";
		};
		EC4DC5302F518BC9009EF4DD /* Products */ = {
			isa = PBXGroup;
			children = (
				EC4DC52F2F518BC9009EF4DD /* MultipleViews.app */,
				EC4DC54A2F518BCA009EF4DD /* MultipleViewsTests.xctest */,
				EC4DC5542F518BCA009EF4DD /* MultipleViewsUITests.xctest */,
			);
			name = Products;
			sourceTree = "<group>";
		};
		EC4DC5312F518BC9009EF4DD /* MultipleViews */ = {
			isa = PBXGroup;
			children = (
				EC4DC5672F518C77009EF4DD /* Client.c */,
				EC4DC5682F518C77009EF4DD /* Client.h */,
				EC4DC5322F518BC9009EF4DD /* AppDelegate.h */,
				EC4DC5332F518BC9009EF4DD /* AppDelegate.m */,
				EC4DC5352F518BC9009EF4DD /* SceneDelegate.h */,
				EC4DC5362F518BC9009EF4DD /* SceneDelegate.m */,
				EC4DC5382F518BC9009EF4DD /* OrangeViewController.h */,
				EC4DC5392F518BC9009EF4DD /* OrangeViewController.m */,
				EC4DC53B2F518BC9009EF4DD /* Main.storyboard */,
				EC4DC56A2F519E6F009EF4DD /* BlueViewController.h */,
				EC4DC56B2F519E6F009EF4DD /* BlueViewController.m */,
				EC4DC53E2F518BCA009EF4DD /* Assets.xcassets */,
				EC4DC5402F518BCA009EF4DD /* LaunchScreen.storyboard */,
				EC4DC5432F518BCA009EF4DD /* Info.plist */,
				EC4DC5442F518BCA009EF4DD /* main.m */,
			);
			path = MultipleViews;
			sourceTree = "<group>";
		};
		EC4DC54D2F518BCA009EF4DD /* MultipleViewsTests */ = {
			isa = PBXGroup;
			children = (
				EC4DC54E2F518BCA009EF4DD /* MultipleViewsTests.m */,
			);
			path = MultipleViewsTests;
			sourceTree = "<group>";
		};
		EC4DC5572F518BCA009EF4DD /* MultipleViewsUITests */ = {
			isa = PBXGroup;
			children = (
				EC4DC5582F518BCA009EF4DD /* MultipleViewsUITests.m */,
				EC4DC55A2F518BCA009EF4DD /* MultipleViewsUITestsLaunchTests.m */,
			);
			path = MultipleViewsUITests;
			sourceTree = "<group>";
		};
/* End PBXGroup section */

/* Begin PBXNativeTarget section */
		EC4DC52E2F518BC9009EF4DD /* MultipleViews */ = {
			isa = PBXNativeTarget;
			buildConfigurationList = EC4DC55E2F518BCA009EF4DD /* Build configuration list for PBXNativeTarget "MultipleViews" */;
			buildPhases = (
				EC4DC52B2F518BC9009EF4DD /* Sources */,
				EC4DC52C2F518BC9009EF4DD /* Frameworks */,
				EC4DC52D2F518BC9009EF4DD /* Resources */,
			);
			buildRules = (
			);
			dependencies = (
			);
			name = MultipleViews;
			productName = MultipleViews;
			productReference = EC4DC52F2F518BC9009EF4DD /* MultipleViews.app */;
			productType = "com.apple.product-type.application";
		};
		EC4DC5492F518BCA009EF4DD /* MultipleViewsTests */ = {
			isa = PBXNativeTarget;
			buildConfigurationList = EC4DC5612F518BCA009EF4DD /* Build configuration list for PBXNativeTarget "MultipleViewsTests" */;
			buildPhases = (
				EC4DC5462F518BCA009EF4DD /* Sources */,
				EC4DC5472F518BCA009EF4DD /* Frameworks */,
				EC4DC5482F518BCA009EF4DD /* Resources */,
			);
			buildRules = (
			);
			dependencies = (
				EC4DC54C2F518BCA009EF4DD /* PBXTargetDependency */,
			);
			name = MultipleViewsTests;
			productName = MultipleViewsTests;
			productReference = EC4DC54A2F518BCA009EF4DD /* MultipleViewsTests.xctest */;
			productType = "com.apple.product-type.bundle.unit-test";
		};
		EC4DC5532F518BCA009EF4DD /* MultipleViewsUITests */ = {
			isa = PBXNativeTarget;
			buildConfigurationList = EC4DC5642F518BCA009EF4DD /* Build configuration list for PBXNativeTarget "MultipleViewsUITests" */;
			buildPhases = (
				EC4DC5502F518BCA009EF4DD /* Sources */,
				EC4DC5512F518BCA009EF4DD /* Frameworks */,
				EC4DC5522F518BCA009EF4DD /* Resources */,
			);
			buildRules = (
			);
			dependencies = (
				EC4DC5562F518BCA009EF4DD /* PBXTargetDependency */,
			);
			name = MultipleViewsUITests;
			productName = MultipleViewsUITests;
			productReference = EC4DC5542F518BCA009EF4DD /* MultipleViewsUITests.xctest */;
			productType = "com.apple.product-type.bundle.ui-testing";
		};
/* End PBXNativeTarget section */

/* Begin PBXProject section */
		EC4DC5272F518BC9009EF4DD /* Project object */ = {
			isa = PBXProject;
			attributes = {
				BuildIndependentTargetsInParallel = 1;
				LastUpgradeCheck = 1420;
				TargetAttributes = {
					EC4DC52E2F518BC9009EF4DD = {
						CreatedOnToolsVersion = 14.2;
					};
					EC4DC5492F518BCA009EF4DD = {
						CreatedOnToolsVersion = 14.2;
						TestTargetID = EC4DC52E2F518BC9009EF4DD;
					};
					EC4DC5532F518BCA009EF4DD = {
						CreatedOnToolsVersion = 14.2;
						TestTargetID = EC4DC52E2F518BC9009EF4DD;
					};
				};
			};
			buildConfigurationList = EC4DC52A2F518BC9009EF4DD /* Build configuration list for PBXProject "MultipleViews" */;
			compatibilityVersion = "Xcode 14.0";
			developmentRegion = en;
			hasScannedForEncodings = 0;
			knownRegions = (
				en,
				Base,
			);
			mainGroup = EC4DC5262F518BC9009EF4DD;
			productRefGroup = EC4DC5302F518BC9009EF4DD /* Products */;
			projectDirPath = "";
			projectRoot = "";
			targets = (
				EC4DC52E2F518BC9009EF4DD /* MultipleViews */,
				EC4DC5492F518BCA009EF4DD /* MultipleViewsTests */,
				EC4DC5532F518BCA009EF4DD /* MultipleViewsUITests */,
			);
		};
/* End PBXProject section */

/* Begin PBXResourcesBuildPhase section */
		EC4DC52D2F518BC9009EF4DD /* Resources */ = {
			isa = PBXResourcesBuildPhase;
			buildActionMask = 2147483647;
			files = (
				EC4DC5422F518BCA009EF4DD /* LaunchScreen.storyboard in Resources */,
				EC4DC53F2F518BCA009EF4DD /* Assets.xcassets in Resources */,
				EC4DC53D2F518BC9009EF4DD /* Main.storyboard in Resources */,
			);
			runOnlyForDeploymentPostprocessing = 0;
		};
		EC4DC5482F518BCA009EF4DD /* Resources */ = {
			isa = PBXResourcesBuildPhase;
			buildActionMask = 2147483647;
			files = (
			);
			runOnlyForDeploymentPostprocessing = 0;
		};
		EC4DC5522F518BCA009EF4DD /* Resources */ = {
			isa = PBXResourcesBuildPhase;
			buildActionMask = 2147483647;
			files = (
			);
			runOnlyForDeploymentPostprocessing = 0;
		};
/* End PBXResourcesBuildPhase section */

/* Begin PBXSourcesBuildPhase section */
		EC4DC52B2F518BC9009EF4DD /* Sources */ = {
			isa = PBXSourcesBuildPhase;
			buildActionMask = 2147483647;
			files = (
				EC4DC53A2F518BC9009EF4DD /* OrangeViewController.m in Sources */,
				EC4DC5342F518BC9009EF4DD /* AppDelegate.m in Sources */,
				EC4DC56C2F519E6F009EF4DD /* BlueViewController.m in Sources */,
				EC4DC5452F518BCA009EF4DD /* main.m in Sources */,
				EC4DC5372F518BC9009EF4DD /* SceneDelegate.m in Sources */,
				EC4DC5692F518C77009EF4DD /* Client.c in Sources */,
			);
			runOnlyForDeploymentPostprocessing = 0;
		};
		EC4DC5462F518BCA009EF4DD /* Sources */ = {
			isa = PBXSourcesBuildPhase;
			buildActionMask = 2147483647;
			files = (
				EC4DC54F2F518BCA009EF4DD /* MultipleViewsTests.m in Sources */,
			);
			runOnlyForDeploymentPostprocessing = 0;
		};
		EC4DC5502F518BCA009EF4DD /* Sources */ = {
			isa = PBXSourcesBuildPhase;
			buildActionMask = 2147483647;
			files = (
				EC4DC5592F518BCA009EF4DD /* MultipleViewsUITests.m in Sources */,
				EC4DC55B2F518BCA009EF4DD /* MultipleViewsUITestsLaunchTests.m in Sources */,
			);
			runOnlyForDeploymentPostprocessing = 0;
		};
/* End PBXSourcesBuildPhase section */

/* Begin PBXTargetDependency section */
		EC4DC54C2F518BCA009EF4DD /* PBXTargetDependency */ = {
			isa = PBXTargetDependency;
			target = EC4DC52E2F518BC9009EF4DD /* MultipleViews */;
			targetProxy = EC4DC54B2F518BCA009EF4DD /* PBXContainerItemProxy */;
		};
		EC4DC5562F518BCA009EF4DD /* PBXTargetDependency */ = {
			isa = PBXTargetDependency;
			target = EC4DC52E2F518BC9009EF4DD /* MultipleViews */;
			targetProxy = EC4DC5552F518BCA009EF4DD /* PBXContainerItemProxy */;
		};
/* End PBXTargetDependency section */

/* Begin PBXVariantGroup section */
		EC4DC53B2F518BC9009EF4DD /* Main.storyboard */ = {
			isa = PBXVariantGroup;
			children = (
				EC4DC53C2F518BC9009EF4DD /* Base */,
			);
			name = Main.storyboard;
			sourceTree = "<group>";
		};
		EC4DC5402F518BCA009EF4DD /* LaunchScreen.storyboard */ = {
			isa = PBXVariantGroup;
			children = (
				EC4DC5412F518BCA009EF4DD /* Base */,
			);
			name = LaunchScreen.storyboard;
			sourceTree = "<group>";
		};
/* End PBXVariantGroup section */

/* Begin XCBuildConfiguration section */
		EC4DC55C2F518BCA009EF4DD /* Debug */ = {
			isa = XCBuildConfiguration;
			buildSettings = {
				ALWAYS_SEARCH_USER_PATHS = NO;
				CLANG_ANALYZER_NONNULL = YES;
				CLANG_ANALYZER_NUMBER_OBJECT_CONVERSION = YES_AGGRESSIVE;
				CLANG_CXX_LANGUAGE_STANDARD = "gnu++20";
				CLANG_ENABLE_MODULES = YES;
				CLANG_ENABLE_OBJC_ARC = YES;
				CLANG_ENABLE_OBJC_WEAK = YES;
				CLANG_WARN_BLOCK_CAPTURE_AUTORELEASING = YES;
				CLANG_WARN_BOOL_CONVERSION = YES;
				CLANG_WARN_COMMA = YES;
				CLANG_WARN_CONSTANT_CONVERSION = YES;
				CLANG_WARN_DEPRECATED_OBJC_IMPLEMENTATIONS = YES;
				CLANG_WARN_DIRECT_OBJC_ISA_USAGE = YES_ERROR;
				CLANG_WARN_DOCUMENTATION_COMMENTS = YES;
				CLANG_WARN_EMPTY_BODY = YES;
				CLANG_WARN_ENUM_CONVERSION = YES;
				CLANG_WARN_INFINITE_RECURSION = YES;
				CLANG_WARN_INT_CONVERSION = YES;
				CLANG_WARN_NON_LITERAL_NULL_CONVERSION = YES;
				CLANG_WARN_OBJC_IMPLICIT_RETAIN_SELF = YES;
				CLANG_WARN_OBJC_LITERAL_CONVERSION = YES;
				CLANG_WARN_OBJC_ROOT_CLASS = YES_ERROR;
				CLANG_WARN_QUOTED_INCLUDE_IN_FRAMEWORK_HEADER = YES;
				CLANG_WARN_RANGE_LOOP_ANALYSIS = YES;
				CLANG_WARN_STRICT_PROTOTYPES = YES;
				CLANG_WARN_SUSPICIOUS_MOVE = YES;
				CLANG_WARN_UNGUARDED_AVAILABILITY = YES_AGGRESSIVE;
				CLANG_WARN_UNREACHABLE_CODE = YES;
				CLANG_WARN__DUPLICATE_METHOD_MATCH = YES;
				COPY_PHASE_STRIP = NO;
				DEBUG_INFORMATION_FORMAT = dwarf;
				ENABLE_STRICT_OBJC_MSGSEND = YES;
				ENABLE_TESTABILITY = YES;
				GCC_C_LANGUAGE_STANDARD = gnu11;
				GCC_DYNAMIC_NO_PIC = NO;
				GCC_NO_COMMON_BLOCKS = YES;
				GCC_OPTIMIZATION_LEVEL = 0;
				GCC_PREPROCESSOR_DEFINITIONS = (
					"DEBUG=1",
					"$(inherited)",
				);
				GCC_WARN_64_TO_32_BIT_CONVERSION = YES;
				GCC_WARN_ABOUT_RETURN_TYPE = YES_ERROR;
				GCC_WARN_UNDECLARED_SELECTOR = YES;
				GCC_WARN_UNINITIALIZED_AUTOS = YES_AGGRESSIVE;
				GCC_WARN_UNUSED_FUNCTION = YES;
				GCC_WARN_UNUSED_VARIABLE = YES;
				IPHONEOS_DEPLOYMENT_TARGET = 16.2;
				MTL_ENABLE_DEBUG_INFO = INCLUDE_SOURCE;
				MTL_FAST_MATH = YES;
				ONLY_ACTIVE_ARCH = YES;
				SDKROOT = iphoneos;
			};
			name = Debug;
		};
		EC4DC55D2F518BCA009EF4DD /* Release */ = {
			isa = XCBuildConfiguration;
			buildSettings = {
				ALWAYS_SEARCH_USER_PATHS = NO;
				CLANG_ANALYZER_NONNULL = YES;
				CLANG_ANALYZER_NUMBER_OBJECT_CONVERSION = YES_AGGRESSIVE;
				CLANG_CXX_LANGUAGE_STANDARD = "gnu++20";
				CLANG_ENABLE_MODULES = YES;
				CLANG_ENABLE_OBJC_ARC = YES;
				CLANG_ENABLE_OBJC_WEAK = YES;
				CLANG_WARN_BLOCK_CAPTURE_AUTORELEASING = YES;
				CLANG_WARN_BOOL_CONVERSION = YES;
				CLANG_WARN_COMMA = YES;
				CLANG_WARN_CONSTANT_CONVERSION = YES;
				CLANG_WARN_DEPRECATED_OBJC_IMPLEMENTATIONS = YES;
				CLANG_WARN_DIRECT_OBJC_ISA_USAGE = YES_ERROR;
				CLANG_WARN_DOCUMENTATION_COMMENTS = YES;
				CLANG_WARN_EMPTY_BODY = YES;
				CLANG_WARN_ENUM_CONVERSION = YES;
				CLANG_WARN_INFINITE_RECURSION = YES;
				CLANG_WARN_INT_CONVERSION = YES;
				CLANG_WARN_NON_LITERAL_NULL_CONVERSION = YES;
				CLANG_WARN_OBJC_IMPLICIT_RETAIN_SELF = YES;
				CLANG_WARN_OBJC_LITERAL_CONVERSION = YES;
				CLANG_WARN_OBJC_ROOT_CLASS = YES_ERROR;
				CLANG_WARN_QUOTED_INCLUDE_IN_FRAMEWORK_HEADER = YES;
				CLANG_WARN_RANGE_LOOP_ANALYSIS = YES;
				CLANG_WARN_STRICT_PROTOTYPES = YES;
				CLANG_WARN_SUSPICIOUS_MOVE = YES;
				CLANG_WARN_UNGUARDED_AVAILABILITY = YES_AGGRESSIVE;
				CLANG_WARN_UNREACHABLE_CODE = YES;
				CLANG_WARN__DUPLICATE_METHOD_MATCH = YES;
				COPY_PHASE_STRIP = NO;
				DEBUG_INFORMATION_FORMAT = "dwarf-with-dsym";
				ENABLE_NS_ASSERTIONS = NO;
				ENABLE_STRICT_OBJC_MSGSEND = YES;
				GCC_C_LANGUAGE_STANDARD = gnu11;
				GCC_NO_COMMON_BLOCKS = YES;
				GCC_WARN_64_TO_32_BIT_CONVERSION = YES;
				GCC_WARN_ABOUT_RETURN_TYPE = YES_ERROR;
				GCC_WARN_UNDECLARED_SELECTOR = YES;
				GCC_WARN_UNINITIALIZED_AUTOS = YES_AGGRESSIVE;
				GCC_WARN_UNUSED_FUNCTION = YES;
				GCC_WARN_UNUSED_VARIABLE = YES;
				IPHONEOS_DEPLOYMENT_TARGET = 16.2;
				MTL_ENABLE_DEBUG_INFO = NO;
				MTL_FAST_MATH = YES;
				SDKROOT = iphoneos;
				VALIDATE_PRODUCT = YES;
			};
			name = Release;
		};
		EC4DC55F2F518BCA009EF4DD /* Debug */ = {
			isa = XCBuildConfiguration;
			buildSettings = {
				ASSETCATALOG_COMPILER_APPICON_NAME = AppIcon;
				ASSETCATALOG_COMPILER_GLOBAL_ACCENT_COLOR_NAME = AccentColor;
				CODE_SIGN_STYLE = Automatic;
				CURRENT_PROJECT_VERSION = 1;
				GENERATE_INFOPLIST_FILE = YES;
				INFOPLIST_FILE = MultipleViews/Info.plist;
				INFOPLIST_KEY_UIApplicationSupportsIndirectInputEvents = YES;
				INFOPLIST_KEY_UILaunchStoryboardName = LaunchScreen;
				INFOPLIST_KEY_UIMainStoryboardFile = Main;
				INFOPLIST_KEY_UISupportedInterfaceOrientations_iPad = "UIInterfaceOrientationPortrait UIInterfaceOrientationPortraitUpsideDown UIInterfaceOrientationLandscapeLeft UIInterfaceOrientationLandscapeRight";
				INFOPLIST_KEY_UISupportedInterfaceOrientations_iPhone = "UIInterfaceOrientationPortrait UIInterfaceOrientationLandscapeLeft UIInterfaceOrientationLandscapeRight";
				IPHONEOS_DEPLOYMENT_TARGET = 15.0;
				LD_RUNPATH_SEARCH_PATHS = (
					"$(inherited)",
					"@executable_path/Frameworks",
				);
				MARKETING_VERSION = 1.0;
				PRODUCT_BUNDLE_IDENTIFIER = "fr.uvsq.iut-velizy.MultipleViews";
				PRODUCT_NAME = "$(TARGET_NAME)";
				SWIFT_EMIT_LOC_STRINGS = YES;
				TARGETED_DEVICE_FAMILY = "1,2";
			};
			name = Debug;
		};
		EC4DC5602F518BCA009EF4DD /* Release */ = {
			isa = XCBuildConfiguration;
			buildSettings = {
				ASSETCATALOG_COMPILER_APPICON_NAME = AppIcon;
				ASSETCATALOG_COMPILER_GLOBAL_ACCENT_COLOR_NAME = AccentColor;
				CODE_SIGN_STYLE = Automatic;
				CURRENT_PROJECT_VERSION = 1;
				GENERATE_INFOPLIST_FILE = YES;
				INFOPLIST_FILE = MultipleViews/Info.plist;
				INFOPLIST_KEY_UIApplicationSupportsIndirectInputEvents = YES;
				INFOPLIST_KEY_UILaunchStoryboardName = LaunchScreen;
				INFOPLIST_KEY_UIMainStoryboardFile = Main;
				INFOPLIST_KEY_UISupportedInterfaceOrientations_iPad = "UIInterfaceOrientationPortrait UIInterfaceOrientationPortraitUpsideDown UIInterfaceOrientationLandscapeLeft UIInterfaceOrientationLandscapeRight";
				INFOPLIST_KEY_UISupportedInterfaceOrientations_iPhone = "UIInterfaceOrientationPortrait UIInterfaceOrientationLandscapeLeft UIInterfaceOrientationLandscapeRight";
				IPHONEOS_DEPLOYMENT_TARGET = 15.0;
				LD_RUNPATH_SEARCH_PATHS = (
					"$(inherited)",
					"@executable_path/Frameworks",
				);
				MARKETING_VERSION = 1.0;
				PRODUCT_BUNDLE_IDENTIFIER = "fr.uvsq.iut-velizy.MultipleViews";
				PRODUCT_NAME = "$(TARGET_NAME)";
				SWIFT_EMIT_LOC_STRINGS = YES;
				TARGETED_DEVICE_FAMILY = "1,2";
			};
			name = Release;
		};
		EC4DC5622F518BCA009EF4DD /* Debug */ = {
			isa = XCBuildConfiguration;
			buildSettings = {
				BUNDLE_LOADER = "$(TEST_HOST)";
				CODE_SIGN_STYLE = Automatic;
				CURRENT_PROJECT_VERSION = 1;
				GENERATE_INFOPLIST_FILE = YES;
				IPHONEOS_DEPLOYMENT_TARGET = 16.2;
				MARKETING_VERSION = 1.0;
				PRODUCT_BUNDLE_IDENTIFIER = "fr.uvsq.iut-velizy.MultipleViewsTests";
				PRODUCT_NAME = "$(TARGET_NAME)";
				SWIFT_EMIT_LOC_STRINGS = NO;
				TARGETED_DEVICE_FAMILY = "1,2";
				TEST_HOST = "$(BUILT_PRODUCTS_DIR)/MultipleViews.app/$(BUNDLE_EXECUTABLE_FOLDER_PATH)/MultipleViews";
			};
			name = Debug;
		};
		EC4DC5632F518BCA009EF4DD /* Release */ = {
			isa = XCBuildConfiguration;
			buildSettings = {
				BUNDLE_LOADER = "$(TEST_HOST)";
				CODE_SIGN_STYLE = Automatic;
				CURRENT_PROJECT_VERSION = 1;
				GENERATE_INFOPLIST_FILE = YES;
				IPHONEOS_DEPLOYMENT_TARGET = 16.2;
				MARKETING_VERSION = 1.0;
				PRODUCT_BUNDLE_IDENTIFIER = "fr.uvsq.iut-velizy.MultipleViewsTests";
				PRODUCT_NAME = "$(TARGET_NAME)";
				SWIFT_EMIT_LOC_STRINGS = NO;
				TARGETED_DEVICE_FAMILY = "1,2";
				TEST_HOST = "$(BUILT_PRODUCTS_DIR)/MultipleViews.app/$(BUNDLE_EXECUTABLE_FOLDER_PATH)/MultipleViews";
			};
			name = Release;
		};
		EC4DC5652F518BCA009EF4DD /* Debug */ = {
			isa = XCBuildConfiguration;
			buildSettings = {
				CODE_SIGN_STYLE = Automatic;
				CURRENT_PROJECT_VERSION = 1;
				GENERATE_INFOPLIST_FILE = YES;
				MARKETING_VERSION = 1.0;
				PRODUCT_BUNDLE_IDENTIFIER = "fr.uvsq.iut-velizy.MultipleViewsUITests";
				PRODUCT_NAME = "$(TARGET_NAME)";
				SWIFT_EMIT_LOC_STRINGS = NO;
				TARGETED_DEVICE_FAMILY = "1,2";
				TEST_TARGET_NAME = MultipleViews;
			};
			name = Debug;
		};
		EC4DC5662F518BCA009EF4DD /* Release */ = {
			isa = XCBuildConfiguration;
			buildSettings = {
				CODE_SIGN_STYLE = Automatic;
				CURRENT_PROJECT_VERSION = 1;
				GENERATE_INFOPLIST_FILE = YES;
				MARKETING_VERSION = 1.0;
				PRODUCT_BUNDLE_IDENTIFIER = "fr.uvsq.iut-velizy.MultipleViewsUITests";
				PRODUCT_NAME = "$(TARGET_NAME)";
				SWIFT_EMIT_LOC_STRINGS = NO;
				TARGETED_DEVICE_FAMILY = "1,2";
				TEST_TARGET_NAME = MultipleViews;
			};
			name = Release;
		};
/* End XCBuildConfiguration section */

/* Begin XCConfigurationList section */
		EC4DC52A2F518BC9009EF4DD /* Build configuration list for PBXProject "MultipleViews" */ = {
			isa = XCConfigurationList;
			buildConfigurations = (
				EC4DC55C2F518BCA009EF4DD /* Debug */,
				EC4DC55D2F518BCA009EF4DD /* Release */,
			);
			defaultConfigurationIsVisible = 0;
			defaultConfigurationName = Release;
		};
		EC4DC55E2F518BCA009EF4DD /* Build configuration list for PBXNativeTarget "MultipleViews" */ = {
			isa = XCConfigurationList;
			buildConfigurations = (
				EC4DC55F2F518BCA009EF4DD /* Debug */,
				EC4DC5602F518BCA009EF4DD /* Release */,
			);
			defaultConfigurationIsVisible = 0;
			defaultConfigurationName = Release;
		};
		EC4DC5612F518BCA009EF4DD /* Build configuration list for PBXNativeTarget "MultipleViewsTests" */ = {
			isa = XCConfigurationList;
			buildConfigurations = (
				EC4DC5622F518BCA009EF4DD /* Debug */,
				EC4DC5632F518BCA009EF4DD /* Release */,
			);
			defaultConfigurationIsVisible = 0;
			defaultConfigurationName = Release;
		};
		EC4DC5642F518BCA009EF4DD /* Build configuration list for PBXNativeTarget "MultipleViewsUITests" */ = {
			isa = XCConfigurationList;
			buildConfigurations = (
				EC4DC5652F518BCA009EF4DD /* Debug */,
				EC4DC5662F518BCA009EF4DD /* Release */,
			);
			defaultConfigurationIsVisible = 0;
			defaultConfigurationName = Release;
		};
/* End XCConfigurationList section */
	};
	rootObject = EC4DC5272F518BC9009EF4DD /* Project object */;
}
